
Microsoft Visual Studio Solution File, Format Version 12.00
# Visual Studio Version 17
VisualStudioVersion = 17.11.35208.52
MinimumVisualStudioVersion = 10.0.40219.1
Project("{9A19103F-16F7-4668-BE54-9A1E7A4F7556}") = "GUI", "GUI\GUI.csproj", "{D5184B22-8359-4A2C-87B4-72C2E222078A}"
EndProject
Project("{2150E333-8FDC-42A3-9474-1A3956D46DE8}") = "Elementos de la solución", "Elementos de la solución", "{F8DD7854-32B7-4AB3-8D30-64968E8FB538}"
	ProjectSection(SolutionItems) = preProject
		.gitignore = .gitignore
	EndProjectSection
EndProject
Project("{9A19103F-16F7-4668-BE54-9A1E7A4F7556}") = "PRUEBA", "PRUEBA\PRUEBA.csproj", "{802BDDDE-C5BE-4F05-82DD-7BB83CC52C28}"
EndProject
Project("{9A19103F-16F7-4668-BE54-9A1E7A4F7556}") = "Persitencia", "Persitencia\Persitencia.csproj", "{BC897608-E2D9-4DF2-941C-AFB17512D439}"
EndProject
Project("{9A19103F-16F7-4668-BE54-9A1E7A4F7556}") = "Logica", "Logica\Logica.csproj", "{BA573734-2597-4177-B559-75E94A623318}"
EndProject
Project("{9A19103F-16F7-4668-BE54-9A1E7A4F7556}") = "Entidades", "Entidades\Entidades.csproj", "{30073602-C5BD-476E-9099-4BF24392788B}"
EndProject
Project("{2150E333-8FDC-42A3-9474-1A3956D46DE8}") = "Resources", "Resources", "{93B649A8-8D5D-447E-BE03-F0480EE7C77F}"
	ProjectSection(SolutionItems) = preProject
		..\..\..\Downloads\ekg-6149.wav = ..\..\..\Downloads\ekg-6149.wav
	EndProjectSection
EndProject
Global
	GlobalSection(SolutionConfigurationPlatforms) = preSolution
		Debug|Any CPU = Debug|Any CPU
		Release|Any CPU = Release|Any CPU
	EndGlobalSection
	GlobalSection(ProjectConfigurationPlatforms) = postSolution
		{D5184B22-8359-4A2C-87B4-72C2E222078A}.Debug|Any CPU.ActiveCfg = Debug|Any CPU
		{D5184B22-8359-4A2C-87B4-72C2E222078A}.Debug|Any CPU.Build.0 = Debug|Any CPU
		{D5184B22-8359-4A2C-87B4-72C2E222078A}.Release|Any CPU.ActiveCfg = Release|Any CPU
		{D5184B22-8359-4A2C-87B4-72C2E222078A}.Release|Any CPU.Build.0 = Release|Any CPU
		{802BDDDE-C5BE-4F05-82DD-7BB83CC52C28}.Debug|Any CPU.ActiveCfg = Debug|Any CPU
		{802BDDDE-C5BE-4F05-82DD-7BB83CC52C28}.Debug|Any CPU.Build.0 = Debug|Any CPU
		{802BDDDE-C5BE-4F05-82DD-7BB83CC52C28}.Release|Any CPU.ActiveCfg = Release|Any CPU
		{802BDDDE-C5BE-4F05-82DD-7BB83CC52C28}.Release|Any CPU.Build.0 = Release|Any CPU
		{BC897608-E2D9-4DF2-941C-AFB17512D439}.Debug|Any CPU.ActiveCfg = Debug|Any CPU
		{BC897608-E2D9-4DF2-941C-AFB17512D439}.Debug|Any CPU.Build.0 = Debug|Any CPU
		{BC897608-E2D9-4DF2-941C-AFB17512D439}.Release|Any CPU.ActiveCfg = Release|Any CPU
		{BC897608-E2D9-4DF2-941C-AFB17512D439}.Release|Any CPU.Build.0 = Release|Any CPU
		{BA573734-2597-4177-B559-75E94A623318}.Debug|Any CPU.ActiveCfg = Debug|Any CPU
		{BA573734-2597-4177-B559-75E94A623318}.Debug|Any CPU.Build.0 = Debug|Any CPU
		{BA573734-2597-4177-B559-75E94A623318}.Release|Any CPU.ActiveCfg = Release|Any CPU
		{BA573734-2597-4177-B559-75E94A623318}.Release|Any CPU.Build.0 = Release|Any CPU
		{30073602-C5BD-476E-9099-4BF24392788B}.Debug|Any CPU.ActiveCfg = Debug|Any CPU
		{30073602-C5BD-476E-9099-4BF24392788B}.Debug|Any CPU.Build.0 = Debug|Any CPU
		{30073602-C5BD-476E-9099-4BF24392788B}.Release|Any CPU.ActiveCfg = Release|Any CPU
		{30073602-C5BD-476E-9099-4BF24392788B}.Release|Any CPU.Build.0 = Release|Any CPU
	EndGlobalSection
	GlobalSection(SolutionProperties) = preSolution
		HideSolutionNode = FALSE
	EndGlobalSection
	GlobalSection(ExtensibilityGlobals) = postSolution
		SolutionGuid = {808E65C1-CB76-4EA5-A2AE-29E7BC6AEF3C}
	EndGlobalSection
EndGlobal
